github.com/Thushani-Jayasekera/api-platform/sdk v0.5.0 h1:yce0EDlmz2dvmjOGAdnhX/sjiQ2vnABdnopQhx7TUIg=
github.com/Thushani-Jayasekera/api-platform/sdk v0.5.0/go.mod h1:LeM3nQ86f7cyVg7uZYPgJXFsoBw/iz+nJzr94s40tYs=
github.com/wso2/api-platform/common v0.0.0-20260305095436-88c005022bd2 h1:EhlaN8IB8Z0a4XS4zXKn8GcXoRMZ/GyZCZaP3Urcq38=
github.com/wso2/api-platform/common v0.0.0-20260305095436-88c005022bd2/go.mod h1:Tv4pznkS1TK3tJvUmbgGD40Efdv063aaHG/J0TDkAzQ=
